
Microsoft Visual Studio Solution File, Format Version 12.00
# Visual Studio Version 16
VisualStudioVersion = 16.0.30128.74
MinimumVisualStudioVersion = 10.0.40219.1
Project("{FAE04EC0-301F-11D3-BF4B-00C04F79EFBC}") = "POS", "POS\POS.csproj", "{B316C3F5-5CD6-440E-AB79-D9BC20203B4D}"
EndProject
Project("{FAE04EC0-301F-11D3-BF4B-00C04F79EFBC}") = "POS.ExchangeData", "POS.ExchangeData\POS.ExchangeData.csproj", "{40BB16AB-D210-4300-916C-D99A9A218192}"
EndProject
Project("{FAE04EC0-301F-11D3-BF4B-00C04F79EFBC}") = "POS.ApiThirdPartyDLL", "POS.ApiThirdParty\POS.ApiThirdPartyDLL.csproj", "{39FC5375-1D78-4285-8DD4-64B1FA367B81}"
EndProject
Project("{FAE04EC0-301F-11D3-BF4B-00C04F79EFBC}") = "POS.BootstrapUI", "POS.BootstrapUI\POS.BootstrapUI.csproj", "{AFD83BAC-3B66-4E6F-A402-572FB423D83B}"
EndProject
Project("{FAE04EC0-301F-11D3-BF4B-00C04F79EFBC}") = "AutoExchangeData", "AutoExchangeData\AutoExchangeData.csproj", "{E4ED19C6-2C54-485F-BB8B-D98DEBCD9A3F}"
EndProject
Project("{FAE04EC0-301F-11D3-BF4B-00C04F79EFBC}") = "POS.Repository", "POS.Repository\POS.Repository.csproj", "{50A9739E-C6A8-4253-A6B5-0391E44A0FA7}"
EndProject
Project("{FAE04EC0-301F-11D3-BF4B-00C04F79EFBC}") = "POS.ReviewScreen", "POS.ReviewScreen\POS.ReviewScreen.csproj", "{BC07EFE0-8AA2-4773-B910-1876B8A9DA0B}"
EndProject
Project("{54435603-DBB4-11D2-8724-00A0C9A8B90C}") = "SkyPOS", "POS.Setup\POS.Setup.vdproj", "{CD7046E0-E9CC-473F-A940-9C425F0BA8BA}"
EndProject
Project("{FAE04EC0-301F-11D3-BF4B-00C04F79EFBC}") = "AutoExchangeData.Stop", "AutoExchangeData.Stop\AutoExchangeData.Stop.csproj", "{40E17803-8255-4CD0-B3ED-3CD68FB113CE}"
EndProject
Project("{FAE04EC0-301F-11D3-BF4B-00C04F79EFBC}") = "ThirdPartyInteractor", "ThirdPartyInteractor\ThirdPartyInteractor.csproj", "{EAA641D3-0D92-4F7A-BAEC-8C4517914207}"
EndProject
Project("{FAE04EC0-301F-11D3-BF4B-00C04F79EFBC}") = "AutoUpdater.NET", "AutoUpdater.NET\AutoUpdater.NET.csproj", "{FB9E7E6B-B19F-4F37-A708-2996190CEF13}"
EndProject
Project("{2150E333-8FDC-42A3-9474-1A3956D46DE8}") = "SkyConnect", "SkyConnect", "{D9DA29E4-608B-4E15-A6C9-F2AF3A026517}"
EndProject
Project("{FAE04EC0-301F-11D3-BF4B-00C04F79EFBC}") = "SkyConnect.POSLib", "SkyConnect.POSLib\SkyConnect.POSLib.csproj", "{40653D38-613D-43BE-926E-6B26D6F7F6A7}"
EndProject
Project("{FAE04EC0-301F-11D3-BF4B-00C04F79EFBC}") = "SkyConnect.POSSimulator", "SkyConnect.POSSimulator\SkyConnect.POSSimulator.csproj", "{6C9D6B9C-921F-4539-B8B1-04C74F3F6E29}"
EndProject
Project("{FAE04EC0-301F-11D3-BF4B-00C04F79EFBC}") = "FixBugProject", "FixBugProject\FixBugProject.csproj", "{73282D79-06D5-42DB-818C-FBF1279364C4}"
EndProject
Project("{FAE04EC0-301F-11D3-BF4B-00C04F79EFBC}") = "WcfAndSignalr", "WcfAndSignalr\WcfAndSignalr.csproj", "{70795CA1-2C28-4E68-B3DA-89D55AF8E8B0}"
EndProject
Project("{FAE04EC0-301F-11D3-BF4B-00C04F79EFBC}") = "PrinterManager", "POS.PrinterManager\PrinterManager.csproj", "{3DF015CA-EA72-4E35-A60D-575E5320C20D}"
EndProject
Global
	GlobalSection(SolutionConfigurationPlatforms) = preSolution
		Debug|Any CPU = Debug|Any CPU
		Debug-NET35|Any CPU = Debug-NET35|Any CPU
		Debug-NET40|Any CPU = Debug-NET40|Any CPU
		Debug-NET452|Any CPU = Debug-NET452|Any CPU
		Debug-NET462|Any CPU = Debug-NET462|Any CPU
		Release|Any CPU = Release|Any CPU
		Release-NET35|Any CPU = Release-NET35|Any CPU
		Release-NET40|Any CPU = Release-NET40|Any CPU
		Release-NET452|Any CPU = Release-NET452|Any CPU
		Release-NET462|Any CPU = Release-NET462|Any CPU
	EndGlobalSection
	GlobalSection(ProjectConfigurationPlatforms) = postSolution
		{B316C3F5-5CD6-440E-AB79-D9BC20203B4D}.Debug|Any CPU.ActiveCfg = Debug|Any CPU
		{B316C3F5-5CD6-440E-AB79-D9BC20203B4D}.Debug|Any CPU.Build.0 = Debug|Any CPU
		{B316C3F5-5CD6-440E-AB79-D9BC20203B4D}.Debug-NET35|Any CPU.ActiveCfg = Debug|Any CPU
		{B316C3F5-5CD6-440E-AB79-D9BC20203B4D}.Debug-NET35|Any CPU.Build.0 = Debug|Any CPU
		{B316C3F5-5CD6-440E-AB79-D9BC20203B4D}.Debug-NET40|Any CPU.ActiveCfg = Debug|Any CPU
		{B316C3F5-5CD6-440E-AB79-D9BC20203B4D}.Debug-NET40|Any CPU.Build.0 = Debug|Any CPU
		{B316C3F5-5CD6-440E-AB79-D9BC20203B4D}.Debug-NET452|Any CPU.ActiveCfg = Debug|Any CPU
		{B316C3F5-5CD6-440E-AB79-D9BC20203B4D}.Debug-NET452|Any CPU.Build.0 = Debug|Any CPU
		{B316C3F5-5CD6-440E-AB79-D9BC20203B4D}.Debug-NET462|Any CPU.ActiveCfg = Debug|Any CPU
		{B316C3F5-5CD6-440E-AB79-D9BC20203B4D}.Debug-NET462|Any CPU.Build.0 = Debug|Any CPU
		{B316C3F5-5CD6-440E-AB79-D9BC20203B4D}.Release|Any CPU.ActiveCfg = Release|Any CPU
		{B316C3F5-5CD6-440E-AB79-D9BC20203B4D}.Release|Any CPU.Build.0 = Release|Any CPU
		{B316C3F5-5CD6-440E-AB79-D9BC20203B4D}.Release-NET35|Any CPU.ActiveCfg = Release|Any CPU
		{B316C3F5-5CD6-440E-AB79-D9BC20203B4D}.Release-NET35|Any CPU.Build.0 = Release|Any CPU
		{B316C3F5-5CD6-440E-AB79-D9BC20203B4D}.Release-NET40|Any CPU.ActiveCfg = Release|Any CPU
		{B316C3F5-5CD6-440E-AB79-D9BC20203B4D}.Release-NET40|Any CPU.Build.0 = Release|Any CPU
		{B316C3F5-5CD6-440E-AB79-D9BC20203B4D}.Release-NET452|Any CPU.ActiveCfg = Release|Any CPU
		{B316C3F5-5CD6-440E-AB79-D9BC20203B4D}.Release-NET452|Any CPU.Build.0 = Release|Any CPU
		{B316C3F5-5CD6-440E-AB79-D9BC20203B4D}.Release-NET462|Any CPU.ActiveCfg = Release|Any CPU
		{B316C3F5-5CD6-440E-AB79-D9BC20203B4D}.Release-NET462|Any CPU.Build.0 = Release|Any CPU
		{40BB16AB-D210-4300-916C-D99A9A218192}.Debug|Any CPU.ActiveCfg = Debug|Any CPU
		{40BB16AB-D210-4300-916C-D99A9A218192}.Debug|Any CPU.Build.0 = Debug|Any CPU
		{40BB16AB-D210-4300-916C-D99A9A218192}.Debug-NET35|Any CPU.ActiveCfg = Debug|Any CPU
		{40BB16AB-D210-4300-916C-D99A9A218192}.Debug-NET35|Any CPU.Build.0 = Debug|Any CPU
		{40BB16AB-D210-4300-916C-D99A9A218192}.Debug-NET40|Any CPU.ActiveCfg = Debug|Any CPU
		{40BB16AB-D210-4300-916C-D99A9A218192}.Debug-NET40|Any CPU.Build.0 = Debug|Any CPU
		{40BB16AB-D210-4300-916C-D99A9A218192}.Debug-NET452|Any CPU.ActiveCfg = Debug|Any CPU
		{40BB16AB-D210-4300-916C-D99A9A218192}.Debug-NET452|Any CPU.Build.0 = Debug|Any CPU
		{40BB16AB-D210-4300-916C-D99A9A218192}.Debug-NET462|Any CPU.ActiveCfg = Debug|Any CPU
		{40BB16AB-D210-4300-916C-D99A9A218192}.Debug-NET462|Any CPU.Build.0 = Debug|Any CPU
		{40BB16AB-D210-4300-916C-D99A9A218192}.Release|Any CPU.ActiveCfg = Release|Any CPU
		{40BB16AB-D210-4300-916C-D99A9A218192}.Release|Any CPU.Build.0 = Release|Any CPU
		{40BB16AB-D210-4300-916C-D99A9A218192}.Release-NET35|Any CPU.ActiveCfg = Release|Any CPU
		{40BB16AB-D210-4300-916C-D99A9A218192}.Release-NET35|Any CPU.Build.0 = Release|Any CPU
		{40BB16AB-D210-4300-916C-D99A9A218192}.Release-NET40|Any CPU.ActiveCfg = Release|Any CPU
		{40BB16AB-D210-4300-916C-D99A9A218192}.Release-NET40|Any CPU.Build.0 = Release|Any CPU
		{40BB16AB-D210-4300-916C-D99A9A218192}.Release-NET452|Any CPU.ActiveCfg = Release|Any CPU
		{40BB16AB-D210-4300-916C-D99A9A218192}.Release-NET452|Any CPU.Build.0 = Release|Any CPU
		{40BB16AB-D210-4300-916C-D99A9A218192}.Release-NET462|Any CPU.ActiveCfg = Release|Any CPU
		{40BB16AB-D210-4300-916C-D99A9A218192}.Release-NET462|Any CPU.Build.0 = Release|Any CPU
		{39FC5375-1D78-4285-8DD4-64B1FA367B81}.Debug|Any CPU.ActiveCfg = Debug|Any CPU
		{39FC5375-1D78-4285-8DD4-64B1FA367B81}.Debug|Any CPU.Build.0 = Debug|Any CPU
		{39FC5375-1D78-4285-8DD4-64B1FA367B81}.Debug-NET35|Any CPU.ActiveCfg = Debug|Any CPU
		{39FC5375-1D78-4285-8DD4-64B1FA367B81}.Debug-NET35|Any CPU.Build.0 = Debug|Any CPU
		{39FC5375-1D78-4285-8DD4-64B1FA367B81}.Debug-NET40|Any CPU.ActiveCfg = Debug|Any CPU
		{39FC5375-1D78-4285-8DD4-64B1FA367B81}.Debug-NET40|Any CPU.Build.0 = Debug|Any CPU
		{39FC5375-1D78-4285-8DD4-64B1FA367B81}.Debug-NET452|Any CPU.ActiveCfg = Debug|Any CPU
		{39FC5375-1D78-4285-8DD4-64B1FA367B81}.Debug-NET452|Any CPU.Build.0 = Debug|Any CPU
		{39FC5375-1D78-4285-8DD4-64B1FA367B81}.Debug-NET462|Any CPU.ActiveCfg = Debug|Any CPU
		{39FC5375-1D78-4285-8DD4-64B1FA367B81}.Debug-NET462|Any CPU.Build.0 = Debug|Any CPU
		{39FC5375-1D78-4285-8DD4-64B1FA367B81}.Release|Any CPU.ActiveCfg = Release|Any CPU
		{39FC5375-1D78-4285-8DD4-64B1FA367B81}.Release|Any CPU.Build.0 = Release|Any CPU
		{39FC5375-1D78-4285-8DD4-64B1FA367B81}.Release-NET35|Any CPU.ActiveCfg = Release|Any CPU
		{39FC5375-1D78-4285-8DD4-64B1FA367B81}.Release-NET35|Any CPU.Build.0 = Release|Any CPU
		{39FC5375-1D78-4285-8DD4-64B1FA367B81}.Release-NET40|Any CPU.ActiveCfg = Release|Any CPU
		{39FC5375-1D78-4285-8DD4-64B1FA367B81}.Release-NET40|Any CPU.Build.0 = Release|Any CPU
		{39FC5375-1D78-4285-8DD4-64B1FA367B81}.Release-NET452|Any CPU.ActiveCfg = Release|Any CPU
		{39FC5375-1D78-4285-8DD4-64B1FA367B81}.Release-NET452|Any CPU.Build.0 = Release|Any CPU
		{39FC5375-1D78-4285-8DD4-64B1FA367B81}.Release-NET462|Any CPU.ActiveCfg = Release|Any CPU
		{39FC5375-1D78-4285-8DD4-64B1FA367B81}.Release-NET462|Any CPU.Build.0 = Release|Any CPU
		{AFD83BAC-3B66-4E6F-A402-572FB423D83B}.Debug|Any CPU.ActiveCfg = Debug|Any CPU
		{AFD83BAC-3B66-4E6F-A402-572FB423D83B}.Debug|Any CPU.Build.0 = Debug|Any CPU
		{AFD83BAC-3B66-4E6F-A402-572FB423D83B}.Debug-NET35|Any CPU.ActiveCfg = Debug|Any CPU
		{AFD83BAC-3B66-4E6F-A402-572FB423D83B}.Debug-NET35|Any CPU.Build.0 = Debug|Any CPU
		{AFD83BAC-3B66-4E6F-A402-572FB423D83B}.Debug-NET40|Any CPU.ActiveCfg = Debug|Any CPU
		{AFD83BAC-3B66-4E6F-A402-572FB423D83B}.Debug-NET40|Any CPU.Build.0 = Debug|Any CPU
		{AFD83BAC-3B66-4E6F-A402-572FB423D83B}.Debug-NET452|Any CPU.ActiveCfg = Debug|Any CPU
		{AFD83BAC-3B66-4E6F-A402-572FB423D83B}.Debug-NET452|Any CPU.Build.0 = Debug|Any CPU
		{AFD83BAC-3B66-4E6F-A402-572FB423D83B}.Debug-NET462|Any CPU.ActiveCfg = Debug|Any CPU
		{AFD83BAC-3B66-4E6F-A402-572FB423D83B}.Debug-NET462|Any CPU.Build.0 = Debug|Any CPU
		{AFD83BAC-3B66-4E6F-A402-572FB423D83B}.Release|Any CPU.ActiveCfg = Release|Any CPU
		{AFD83BAC-3B66-4E6F-A402-572FB423D83B}.Release|Any CPU.Build.0 = Release|Any CPU
		{AFD83BAC-3B66-4E6F-A402-572FB423D83B}.Release-NET35|Any CPU.ActiveCfg = Release|Any CPU
		{AFD83BAC-3B66-4E6F-A402-572FB423D83B}.Release-NET35|Any CPU.Build.0 = Release|Any CPU
		{AFD83BAC-3B66-4E6F-A402-572FB423D83B}.Release-NET40|Any CPU.ActiveCfg = Release|Any CPU
		{AFD83BAC-3B66-4E6F-A402-572FB423D83B}.Release-NET40|Any CPU.Build.0 = Release|Any CPU
		{AFD83BAC-3B66-4E6F-A402-572FB423D83B}.Release-NET452|Any CPU.ActiveCfg = Release|Any CPU
		{AFD83BAC-3B66-4E6F-A402-572FB423D83B}.Release-NET452|Any CPU.Build.0 = Release|Any CPU
		{AFD83BAC-3B66-4E6F-A402-572FB423D83B}.Release-NET462|Any CPU.ActiveCfg = Release|Any CPU
		{AFD83BAC-3B66-4E6F-A402-572FB423D83B}.Release-NET462|Any CPU.Build.0 = Release|Any CPU
		{E4ED19C6-2C54-485F-BB8B-D98DEBCD9A3F}.Debug|Any CPU.ActiveCfg = Debug|Any CPU
		{E4ED19C6-2C54-485F-BB8B-D98DEBCD9A3F}.Debug|Any CPU.Build.0 = Debug|Any CPU
		{E4ED19C6-2C54-485F-BB8B-D98DEBCD9A3F}.Debug-NET35|Any CPU.ActiveCfg = Debug|Any CPU
		{E4ED19C6-2C54-485F-BB8B-D98DEBCD9A3F}.Debug-NET35|Any CPU.Build.0 = Debug|Any CPU
		{E4ED19C6-2C54-485F-BB8B-D98DEBCD9A3F}.Debug-NET40|Any CPU.ActiveCfg = Debug|Any CPU
		{E4ED19C6-2C54-485F-BB8B-D98DEBCD9A3F}.Debug-NET40|Any CPU.Build.0 = Debug|Any CPU
		{E4ED19C6-2C54-485F-BB8B-D98DEBCD9A3F}.Debug-NET452|Any CPU.ActiveCfg = Debug|Any CPU
		{E4ED19C6-2C54-485F-BB8B-D98DEBCD9A3F}.Debug-NET452|Any CPU.Build.0 = Debug|Any CPU
		{E4ED19C6-2C54-485F-BB8B-D98DEBCD9A3F}.Debug-NET462|Any CPU.ActiveCfg = Debug|Any CPU
		{E4ED19C6-2C54-485F-BB8B-D98DEBCD9A3F}.Debug-NET462|Any CPU.Build.0 = Debug|Any CPU
		{E4ED19C6-2C54-485F-BB8B-D98DEBCD9A3F}.Release|Any CPU.ActiveCfg = Release|Any CPU
		{E4ED19C6-2C54-485F-BB8B-D98DEBCD9A3F}.Release|Any CPU.Build.0 = Release|Any CPU
		{E4ED19C6-2C54-485F-BB8B-D98DEBCD9A3F}.Release-NET35|Any CPU.ActiveCfg = Release|Any CPU
		{E4ED19C6-2C54-485F-BB8B-D98DEBCD9A3F}.Release-NET35|Any CPU.Build.0 = Release|Any CPU
		{E4ED19C6-2C54-485F-BB8B-D98DEBCD9A3F}.Release-NET40|Any CPU.ActiveCfg = Release|Any CPU
		{E4ED19C6-2C54-485F-BB8B-D98DEBCD9A3F}.Release-NET40|Any CPU.Build.0 = Release|Any CPU
		{E4ED19C6-2C54-485F-BB8B-D98DEBCD9A3F}.Release-NET452|Any CPU.ActiveCfg = Release|Any CPU
		{E4ED19C6-2C54-485F-BB8B-D98DEBCD9A3F}.Release-NET452|Any CPU.Build.0 = Release|Any CPU
		{E4ED19C6-2C54-485F-BB8B-D98DEBCD9A3F}.Release-NET462|Any CPU.ActiveCfg = Release|Any CPU
		{E4ED19C6-2C54-485F-BB8B-D98DEBCD9A3F}.Release-NET462|Any CPU.Build.0 = Release|Any CPU
		{50A9739E-C6A8-4253-A6B5-0391E44A0FA7}.Debug|Any CPU.ActiveCfg = Debug|Any CPU
		{50A9739E-C6A8-4253-A6B5-0391E44A0FA7}.Debug|Any CPU.Build.0 = Debug|Any CPU
		{50A9739E-C6A8-4253-A6B5-0391E44A0FA7}.Debug-NET35|Any CPU.ActiveCfg = Debug|Any CPU
		{50A9739E-C6A8-4253-A6B5-0391E44A0FA7}.Debug-NET35|Any CPU.Build.0 = Debug|Any CPU
		{50A9739E-C6A8-4253-A6B5-0391E44A0FA7}.Debug-NET40|Any CPU.ActiveCfg = Debug|Any CPU
		{50A9739E-C6A8-4253-A6B5-0391E44A0FA7}.Debug-NET40|Any CPU.Build.0 = Debug|Any CPU
		{50A9739E-C6A8-4253-A6B5-0391E44A0FA7}.Debug-NET452|Any CPU.ActiveCfg = Debug|Any CPU
		{50A9739E-C6A8-4253-A6B5-0391E44A0FA7}.Debug-NET452|Any CPU.Build.0 = Debug|Any CPU
		{50A9739E-C6A8-4253-A6B5-0391E44A0FA7}.Debug-NET462|Any CPU.ActiveCfg = Debug|Any CPU
		{50A9739E-C6A8-4253-A6B5-0391E44A0FA7}.Debug-NET462|Any CPU.Build.0 = Debug|Any CPU
		{50A9739E-C6A8-4253-A6B5-0391E44A0FA7}.Release|Any CPU.ActiveCfg = Release|Any CPU
		{50A9739E-C6A8-4253-A6B5-0391E44A0FA7}.Release|Any CPU.Build.0 = Release|Any CPU
		{50A9739E-C6A8-4253-A6B5-0391E44A0FA7}.Release-NET35|Any CPU.ActiveCfg = Release|Any CPU
		{50A9739E-C6A8-4253-A6B5-0391E44A0FA7}.Release-NET35|Any CPU.Build.0 = Release|Any CPU
		{50A9739E-C6A8-4253-A6B5-0391E44A0FA7}.Release-NET40|Any CPU.ActiveCfg = Release|Any CPU
		{50A9739E-C6A8-4253-A6B5-0391E44A0FA7}.Release-NET40|Any CPU.Build.0 = Release|Any CPU
		{50A9739E-C6A8-4253-A6B5-0391E44A0FA7}.Release-NET452|Any CPU.ActiveCfg = Release|Any CPU
		{50A9739E-C6A8-4253-A6B5-0391E44A0FA7}.Release-NET452|Any CPU.Build.0 = Release|Any CPU
		{50A9739E-C6A8-4253-A6B5-0391E44A0FA7}.Release-NET462|Any CPU.ActiveCfg = Release|Any CPU
		{50A9739E-C6A8-4253-A6B5-0391E44A0FA7}.Release-NET462|Any CPU.Build.0 = Release|Any CPU
		{BC07EFE0-8AA2-4773-B910-1876B8A9DA0B}.Debug|Any CPU.ActiveCfg = Debug|Any CPU
		{BC07EFE0-8AA2-4773-B910-1876B8A9DA0B}.Debug|Any CPU.Build.0 = Debug|Any CPU
		{BC07EFE0-8AA2-4773-B910-1876B8A9DA0B}.Debug-NET35|Any CPU.ActiveCfg = Debug|Any CPU
		{BC07EFE0-8AA2-4773-B910-1876B8A9DA0B}.Debug-NET35|Any CPU.Build.0 = Debug|Any CPU
		{BC07EFE0-8AA2-4773-B910-1876B8A9DA0B}.Debug-NET40|Any CPU.ActiveCfg = Debug|Any CPU
		{BC07EFE0-8AA2-4773-B910-1876B8A9DA0B}.Debug-NET40|Any CPU.Build.0 = Debug|Any CPU
		{BC07EFE0-8AA2-4773-B910-1876B8A9DA0B}.Debug-NET452|Any CPU.ActiveCfg = Debug|Any CPU
		{BC07EFE0-8AA2-4773-B910-1876B8A9DA0B}.Debug-NET452|Any CPU.Build.0 = Debug|Any CPU
		{BC07EFE0-8AA2-4773-B910-1876B8A9DA0B}.Debug-NET462|Any CPU.ActiveCfg = Debug|Any CPU
		{BC07EFE0-8AA2-4773-B910-1876B8A9DA0B}.Debug-NET462|Any CPU.Build.0 = Debug|Any CPU
		{BC07EFE0-8AA2-4773-B910-1876B8A9DA0B}.Release|Any CPU.ActiveCfg = Release|Any CPU
		{BC07EFE0-8AA2-4773-B910-1876B8A9DA0B}.Release|Any CPU.Build.0 = Release|Any CPU
		{BC07EFE0-8AA2-4773-B910-1876B8A9DA0B}.Release-NET35|Any CPU.ActiveCfg = Release|Any CPU
		{BC07EFE0-8AA2-4773-B910-1876B8A9DA0B}.Release-NET35|Any CPU.Build.0 = Release|Any CPU
		{BC07EFE0-8AA2-4773-B910-1876B8A9DA0B}.Release-NET40|Any CPU.ActiveCfg = Release|Any CPU
		{BC07EFE0-8AA2-4773-B910-1876B8A9DA0B}.Release-NET40|Any CPU.Build.0 = Release|Any CPU
		{BC07EFE0-8AA2-4773-B910-1876B8A9DA0B}.Release-NET452|Any CPU.ActiveCfg = Release|Any CPU
		{BC07EFE0-8AA2-4773-B910-1876B8A9DA0B}.Release-NET452|Any CPU.Build.0 = Release|Any CPU
		{BC07EFE0-8AA2-4773-B910-1876B8A9DA0B}.Release-NET462|Any CPU.ActiveCfg = Release|Any CPU
		{BC07EFE0-8AA2-4773-B910-1876B8A9DA0B}.Release-NET462|Any CPU.Build.0 = Release|Any CPU
		{CD7046E0-E9CC-473F-A940-9C425F0BA8BA}.Debug|Any CPU.ActiveCfg = Release
		{CD7046E0-E9CC-473F-A940-9C425F0BA8BA}.Debug|Any CPU.Build.0 = Release
		{CD7046E0-E9CC-473F-A940-9C425F0BA8BA}.Debug-NET35|Any CPU.ActiveCfg = Debug
		{CD7046E0-E9CC-473F-A940-9C425F0BA8BA}.Debug-NET35|Any CPU.Build.0 = Debug
		{CD7046E0-E9CC-473F-A940-9C425F0BA8BA}.Debug-NET40|Any CPU.ActiveCfg = Debug
		{CD7046E0-E9CC-473F-A940-9C425F0BA8BA}.Debug-NET40|Any CPU.Build.0 = Debug
		{CD7046E0-E9CC-473F-A940-9C425F0BA8BA}.Debug-NET452|Any CPU.ActiveCfg = Debug
		{CD7046E0-E9CC-473F-A940-9C425F0BA8BA}.Debug-NET452|Any CPU.Build.0 = Debug
		{CD7046E0-E9CC-473F-A940-9C425F0BA8BA}.Debug-NET462|Any CPU.ActiveCfg = Debug
		{CD7046E0-E9CC-473F-A940-9C425F0BA8BA}.Debug-NET462|Any CPU.Build.0 = Debug
		{CD7046E0-E9CC-473F-A940-9C425F0BA8BA}.Release|Any CPU.ActiveCfg = Release
		{CD7046E0-E9CC-473F-A940-9C425F0BA8BA}.Release|Any CPU.Build.0 = Release
		{CD7046E0-E9CC-473F-A940-9C425F0BA8BA}.Release-NET35|Any CPU.ActiveCfg = Release
		{CD7046E0-E9CC-473F-A940-9C425F0BA8BA}.Release-NET35|Any CPU.Build.0 = Release
		{CD7046E0-E9CC-473F-A940-9C425F0BA8BA}.Release-NET40|Any CPU.ActiveCfg = Release
		{CD7046E0-E9CC-473F-A940-9C425F0BA8BA}.Release-NET40|Any CPU.Build.0 = Release
		{CD7046E0-E9CC-473F-A940-9C425F0BA8BA}.Release-NET452|Any CPU.ActiveCfg = Release
		{CD7046E0-E9CC-473F-A940-9C425F0BA8BA}.Release-NET452|Any CPU.Build.0 = Release
		{CD7046E0-E9CC-473F-A940-9C425F0BA8BA}.Release-NET462|Any CPU.ActiveCfg = Release
		{CD7046E0-E9CC-473F-A940-9C425F0BA8BA}.Release-NET462|Any CPU.Build.0 = Release
		{40E17803-8255-4CD0-B3ED-3CD68FB113CE}.Debug|Any CPU.ActiveCfg = Debug|Any CPU
		{40E17803-8255-4CD0-B3ED-3CD68FB113CE}.Debug|Any CPU.Build.0 = Debug|Any CPU
		{40E17803-8255-4CD0-B3ED-3CD68FB113CE}.Debug-NET35|Any CPU.ActiveCfg = Debug|Any CPU
		{40E17803-8255-4CD0-B3ED-3CD68FB113CE}.Debug-NET35|Any CPU.Build.0 = Debug|Any CPU
		{40E17803-8255-4CD0-B3ED-3CD68FB113CE}.Debug-NET40|Any CPU.ActiveCfg = Debug|Any CPU
		{40E17803-8255-4CD0-B3ED-3CD68FB113CE}.Debug-NET40|Any CPU.Build.0 = Debug|Any CPU
		{40E17803-8255-4CD0-B3ED-3CD68FB113CE}.Debug-NET452|Any CPU.ActiveCfg = Debug|Any CPU
		{40E17803-8255-4CD0-B3ED-3CD68FB113CE}.Debug-NET452|Any CPU.Build.0 = Debug|Any CPU
		{40E17803-8255-4CD0-B3ED-3CD68FB113CE}.Debug-NET462|Any CPU.ActiveCfg = Debug|Any CPU
		{40E17803-8255-4CD0-B3ED-3CD68FB113CE}.Debug-NET462|Any CPU.Build.0 = Debug|Any CPU
		{40E17803-8255-4CD0-B3ED-3CD68FB113CE}.Release|Any CPU.ActiveCfg = Release|Any CPU
		{40E17803-8255-4CD0-B3ED-3CD68FB113CE}.Release|Any CPU.Build.0 = Release|Any CPU
		{40E17803-8255-4CD0-B3ED-3CD68FB113CE}.Release-NET35|Any CPU.ActiveCfg = Release|Any CPU
		{40E17803-8255-4CD0-B3ED-3CD68FB113CE}.Release-NET35|Any CPU.Build.0 = Release|Any CPU
		{40E17803-8255-4CD0-B3ED-3CD68FB113CE}.Release-NET40|Any CPU.ActiveCfg = Release|Any CPU
		{40E17803-8255-4CD0-B3ED-3CD68FB113CE}.Release-NET40|Any CPU.Build.0 = Release|Any CPU
		{40E17803-8255-4CD0-B3ED-3CD68FB113CE}.Release-NET452|Any CPU.ActiveCfg = Release|Any CPU
		{40E17803-8255-4CD0-B3ED-3CD68FB113CE}.Release-NET452|Any CPU.Build.0 = Release|Any CPU
		{40E17803-8255-4CD0-B3ED-3CD68FB113CE}.Release-NET462|Any CPU.ActiveCfg = Release|Any CPU
		{40E17803-8255-4CD0-B3ED-3CD68FB113CE}.Release-NET462|Any CPU.Build.0 = Release|Any CPU
		{EAA641D3-0D92-4F7A-BAEC-8C4517914207}.Debug|Any CPU.ActiveCfg = Debug|Any CPU
		{EAA641D3-0D92-4F7A-BAEC-8C4517914207}.Debug|Any CPU.Build.0 = Debug|Any CPU
		{EAA641D3-0D92-4F7A-BAEC-8C4517914207}.Debug-NET35|Any CPU.ActiveCfg = Debug|Any CPU
		{EAA641D3-0D92-4F7A-BAEC-8C4517914207}.Debug-NET35|Any CPU.Build.0 = Debug|Any CPU
		{EAA641D3-0D92-4F7A-BAEC-8C4517914207}.Debug-NET40|Any CPU.ActiveCfg = Debug|Any CPU
		{EAA641D3-0D92-4F7A-BAEC-8C4517914207}.Debug-NET40|Any CPU.Build.0 = Debug|Any CPU
		{EAA641D3-0D92-4F7A-BAEC-8C4517914207}.Debug-NET452|Any CPU.ActiveCfg = Debug|Any CPU
		{EAA641D3-0D92-4F7A-BAEC-8C4517914207}.Debug-NET452|Any CPU.Build.0 = Debug|Any CPU
		{EAA641D3-0D92-4F7A-BAEC-8C4517914207}.Debug-NET462|Any CPU.ActiveCfg = Debug|Any CPU
		{EAA641D3-0D92-4F7A-BAEC-8C4517914207}.Debug-NET462|Any CPU.Build.0 = Debug|Any CPU
		{EAA641D3-0D92-4F7A-BAEC-8C4517914207}.Release|Any CPU.ActiveCfg = Release|Any CPU
		{EAA641D3-0D92-4F7A-BAEC-8C4517914207}.Release|Any CPU.Build.0 = Release|Any CPU
		{EAA641D3-0D92-4F7A-BAEC-8C4517914207}.Release-NET35|Any CPU.ActiveCfg = Release|Any CPU
		{EAA641D3-0D92-4F7A-BAEC-8C4517914207}.Release-NET35|Any CPU.Build.0 = Release|Any CPU
		{EAA641D3-0D92-4F7A-BAEC-8C4517914207}.Release-NET40|Any CPU.ActiveCfg = Release|Any CPU
		{EAA641D3-0D92-4F7A-BAEC-8C4517914207}.Release-NET40|Any CPU.Build.0 = Release|Any CPU
		{EAA641D3-0D92-4F7A-BAEC-8C4517914207}.Release-NET452|Any CPU.ActiveCfg = Release|Any CPU
		{EAA641D3-0D92-4F7A-BAEC-8C4517914207}.Release-NET452|Any CPU.Build.0 = Release|Any CPU
		{EAA641D3-0D92-4F7A-BAEC-8C4517914207}.Release-NET462|Any CPU.ActiveCfg = Release|Any CPU
		{EAA641D3-0D92-4F7A-BAEC-8C4517914207}.Release-NET462|Any CPU.Build.0 = Release|Any CPU
		{FB9E7E6B-B19F-4F37-A708-2996190CEF13}.Debug|Any CPU.ActiveCfg = Debug|Any CPU
		{FB9E7E6B-B19F-4F37-A708-2996190CEF13}.Debug|Any CPU.Build.0 = Debug|Any CPU
		{FB9E7E6B-B19F-4F37-A708-2996190CEF13}.Debug-NET35|Any CPU.ActiveCfg = Debug-NET35|Any CPU
		{FB9E7E6B-B19F-4F37-A708-2996190CEF13}.Debug-NET35|Any CPU.Build.0 = Debug-NET35|Any CPU
		{FB9E7E6B-B19F-4F37-A708-2996190CEF13}.Debug-NET40|Any CPU.ActiveCfg = Debug-NET40|Any CPU
		{FB9E7E6B-B19F-4F37-A708-2996190CEF13}.Debug-NET40|Any CPU.Build.0 = Debug-NET40|Any CPU
		{FB9E7E6B-B19F-4F37-A708-2996190CEF13}.Debug-NET452|Any CPU.ActiveCfg = Debug-NET452|Any CPU
		{FB9E7E6B-B19F-4F37-A708-2996190CEF13}.Debug-NET452|Any CPU.Build.0 = Debug-NET452|Any CPU
		{FB9E7E6B-B19F-4F37-A708-2996190CEF13}.Debug-NET462|Any CPU.ActiveCfg = Debug-NET462|Any CPU
		{FB9E7E6B-B19F-4F37-A708-2996190CEF13}.Debug-NET462|Any CPU.Build.0 = Debug-NET462|Any CPU
		{FB9E7E6B-B19F-4F37-A708-2996190CEF13}.Release|Any CPU.ActiveCfg = Release|Any CPU
		{FB9E7E6B-B19F-4F37-A708-2996190CEF13}.Release|Any CPU.Build.0 = Release|Any CPU
		{FB9E7E6B-B19F-4F37-A708-2996190CEF13}.Release-NET35|Any CPU.ActiveCfg = Release-NET35|Any CPU
		{FB9E7E6B-B19F-4F37-A708-2996190CEF13}.Release-NET35|Any CPU.Build.0 = Release-NET35|Any CPU
		{FB9E7E6B-B19F-4F37-A708-2996190CEF13}.Release-NET40|Any CPU.ActiveCfg = Release-NET40|Any CPU
		{FB9E7E6B-B19F-4F37-A708-2996190CEF13}.Release-NET40|Any CPU.Build.0 = Release-NET40|Any CPU
		{FB9E7E6B-B19F-4F37-A708-2996190CEF13}.Release-NET452|Any CPU.ActiveCfg = Release-NET452|Any CPU
		{FB9E7E6B-B19F-4F37-A708-2996190CEF13}.Release-NET452|Any CPU.Build.0 = Release-NET452|Any CPU
		{FB9E7E6B-B19F-4F37-A708-2996190CEF13}.Release-NET462|Any CPU.ActiveCfg = Release-NET462|Any CPU
		{FB9E7E6B-B19F-4F37-A708-2996190CEF13}.Release-NET462|Any CPU.Build.0 = Release-NET462|Any CPU
		{40653D38-613D-43BE-926E-6B26D6F7F6A7}.Debug|Any CPU.ActiveCfg = Debug|Any CPU
		{40653D38-613D-43BE-926E-6B26D6F7F6A7}.Debug|Any CPU.Build.0 = Debug|Any CPU
		{40653D38-613D-43BE-926E-6B26D6F7F6A7}.Debug-NET35|Any CPU.ActiveCfg = Debug|Any CPU
		{40653D38-613D-43BE-926E-6B26D6F7F6A7}.Debug-NET35|Any CPU.Build.0 = Debug|Any CPU
		{40653D38-613D-43BE-926E-6B26D6F7F6A7}.Debug-NET40|Any CPU.ActiveCfg = Debug|Any CPU
		{40653D38-613D-43BE-926E-6B26D6F7F6A7}.Debug-NET40|Any CPU.Build.0 = Debug|Any CPU
		{40653D38-613D-43BE-926E-6B26D6F7F6A7}.Debug-NET452|Any CPU.ActiveCfg = Debug|Any CPU
		{40653D38-613D-43BE-926E-6B26D6F7F6A7}.Debug-NET452|Any CPU.Build.0 = Debug|Any CPU
		{40653D38-613D-43BE-926E-6B26D6F7F6A7}.Debug-NET462|Any CPU.ActiveCfg = Debug|Any CPU
		{40653D38-613D-43BE-926E-6B26D6F7F6A7}.Debug-NET462|Any CPU.Build.0 = Debug|Any CPU
		{40653D38-613D-43BE-926E-6B26D6F7F6A7}.Release|Any CPU.ActiveCfg = Release|Any CPU
		{40653D38-613D-43BE-926E-6B26D6F7F6A7}.Release|Any CPU.Build.0 = Release|Any CPU
		{40653D38-613D-43BE-926E-6B26D6F7F6A7}.Release-NET35|Any CPU.ActiveCfg = Release|Any CPU
		{40653D38-613D-43BE-926E-6B26D6F7F6A7}.Release-NET35|Any CPU.Build.0 = Release|Any CPU
		{40653D38-613D-43BE-926E-6B26D6F7F6A7}.Release-NET40|Any CPU.ActiveCfg = Release|Any CPU
		{40653D38-613D-43BE-926E-6B26D6F7F6A7}.Release-NET40|Any CPU.Build.0 = Release|Any CPU
		{40653D38-613D-43BE-926E-6B26D6F7F6A7}.Release-NET452|Any CPU.ActiveCfg = Release|Any CPU
		{40653D38-613D-43BE-926E-6B26D6F7F6A7}.Release-NET452|Any CPU.Build.0 = Release|Any CPU
		{40653D38-613D-43BE-926E-6B26D6F7F6A7}.Release-NET462|Any CPU.ActiveCfg = Release|Any CPU
		{40653D38-613D-43BE-926E-6B26D6F7F6A7}.Release-NET462|Any CPU.Build.0 = Release|Any CPU
		{6C9D6B9C-921F-4539-B8B1-04C74F3F6E29}.Debug|Any CPU.ActiveCfg = Debug|Any CPU
		{6C9D6B9C-921F-4539-B8B1-04C74F3F6E29}.Debug|Any CPU.Build.0 = Debug|Any CPU
		{6C9D6B9C-921F-4539-B8B1-04C74F3F6E29}.Debug-NET35|Any CPU.ActiveCfg = Debug|Any CPU
		{6C9D6B9C-921F-4539-B8B1-04C74F3F6E29}.Debug-NET35|Any CPU.Build.0 = Debug|Any CPU
		{6C9D6B9C-921F-4539-B8B1-04C74F3F6E29}.Debug-NET40|Any CPU.ActiveCfg = Debug|Any CPU
		{6C9D6B9C-921F-4539-B8B1-04C74F3F6E29}.Debug-NET40|Any CPU.Build.0 = Debug|Any CPU
		{6C9D6B9C-921F-4539-B8B1-04C74F3F6E29}.Debug-NET452|Any CPU.ActiveCfg = Debug|Any CPU
		{6C9D6B9C-921F-4539-B8B1-04C74F3F6E29}.Debug-NET452|Any CPU.Build.0 = Debug|Any CPU
		{6C9D6B9C-921F-4539-B8B1-04C74F3F6E29}.Debug-NET462|Any CPU.ActiveCfg = Debug|Any CPU
		{6C9D6B9C-921F-4539-B8B1-04C74F3F6E29}.Debug-NET462|Any CPU.Build.0 = Debug|Any CPU
		{6C9D6B9C-921F-4539-B8B1-04C74F3F6E29}.Release|Any CPU.ActiveCfg = Release|Any CPU
		{6C9D6B9C-921F-4539-B8B1-04C74F3F6E29}.Release|Any CPU.Build.0 = Release|Any CPU
		{6C9D6B9C-921F-4539-B8B1-04C74F3F6E29}.Release-NET35|Any CPU.ActiveCfg = Release|Any CPU
		{6C9D6B9C-921F-4539-B8B1-04C74F3F6E29}.Release-NET35|Any CPU.Build.0 = Release|Any CPU
		{6C9D6B9C-921F-4539-B8B1-04C74F3F6E29}.Release-NET40|Any CPU.ActiveCfg = Release|Any CPU
		{6C9D6B9C-921F-4539-B8B1-04C74F3F6E29}.Release-NET40|Any CPU.Build.0 = Release|Any CPU
		{6C9D6B9C-921F-4539-B8B1-04C74F3F6E29}.Release-NET452|Any CPU.ActiveCfg = Release|Any CPU
		{6C9D6B9C-921F-4539-B8B1-04C74F3F6E29}.Release-NET452|Any CPU.Build.0 = Release|Any CPU
		{6C9D6B9C-921F-4539-B8B1-04C74F3F6E29}.Release-NET462|Any CPU.ActiveCfg = Release|Any CPU
		{6C9D6B9C-921F-4539-B8B1-04C74F3F6E29}.Release-NET462|Any CPU.Build.0 = Release|Any CPU
		{73282D79-06D5-42DB-818C-FBF1279364C4}.Debug|Any CPU.ActiveCfg = Debug|Any CPU
		{73282D79-06D5-42DB-818C-FBF1279364C4}.Debug|Any CPU.Build.0 = Debug|Any CPU
		{73282D79-06D5-42DB-818C-FBF1279364C4}.Debug-NET35|Any CPU.ActiveCfg = Debug|Any CPU
		{73282D79-06D5-42DB-818C-FBF1279364C4}.Debug-NET35|Any CPU.Build.0 = Debug|Any CPU
		{73282D79-06D5-42DB-818C-FBF1279364C4}.Debug-NET40|Any CPU.ActiveCfg = Debug|Any CPU
		{73282D79-06D5-42DB-818C-FBF1279364C4}.Debug-NET40|Any CPU.Build.0 = Debug|Any CPU
		{73282D79-06D5-42DB-818C-FBF1279364C4}.Debug-NET452|Any CPU.ActiveCfg = Debug|Any CPU
		{73282D79-06D5-42DB-818C-FBF1279364C4}.Debug-NET452|Any CPU.Build.0 = Debug|Any CPU
		{73282D79-06D5-42DB-818C-FBF1279364C4}.Debug-NET462|Any CPU.ActiveCfg = Debug|Any CPU
		{73282D79-06D5-42DB-818C-FBF1279364C4}.Debug-NET462|Any CPU.Build.0 = Debug|Any CPU
		{73282D79-06D5-42DB-818C-FBF1279364C4}.Release|Any CPU.ActiveCfg = Release|Any CPU
		{73282D79-06D5-42DB-818C-FBF1279364C4}.Release|Any CPU.Build.0 = Release|Any CPU
		{73282D79-06D5-42DB-818C-FBF1279364C4}.Release-NET35|Any CPU.ActiveCfg = Release|Any CPU
		{73282D79-06D5-42DB-818C-FBF1279364C4}.Release-NET35|Any CPU.Build.0 = Release|Any CPU
		{73282D79-06D5-42DB-818C-FBF1279364C4}.Release-NET40|Any CPU.ActiveCfg = Release|Any CPU
		{73282D79-06D5-42DB-818C-FBF1279364C4}.Release-NET40|Any CPU.Build.0 = Release|Any CPU
		{73282D79-06D5-42DB-818C-FBF1279364C4}.Release-NET452|Any CPU.ActiveCfg = Release|Any CPU
		{73282D79-06D5-42DB-818C-FBF1279364C4}.Release-NET452|Any CPU.Build.0 = Release|Any CPU
		{73282D79-06D5-42DB-818C-FBF1279364C4}.Release-NET462|Any CPU.ActiveCfg = Release|Any CPU
		{73282D79-06D5-42DB-818C-FBF1279364C4}.Release-NET462|Any CPU.Build.0 = Release|Any CPU
		{70795CA1-2C28-4E68-B3DA-89D55AF8E8B0}.Debug|Any CPU.ActiveCfg = Debug|Any CPU
		{70795CA1-2C28-4E68-B3DA-89D55AF8E8B0}.Debug|Any CPU.Build.0 = Debug|Any CPU
		{70795CA1-2C28-4E68-B3DA-89D55AF8E8B0}.Debug-NET35|Any CPU.ActiveCfg = Debug|Any CPU
		{70795CA1-2C28-4E68-B3DA-89D55AF8E8B0}.Debug-NET35|Any CPU.Build.0 = Debug|Any CPU
		{70795CA1-2C28-4E68-B3DA-89D55AF8E8B0}.Debug-NET40|Any CPU.ActiveCfg = Debug|Any CPU
		{70795CA1-2C28-4E68-B3DA-89D55AF8E8B0}.Debug-NET40|Any CPU.Build.0 = Debug|Any CPU
		{70795CA1-2C28-4E68-B3DA-89D55AF8E8B0}.Debug-NET452|Any CPU.ActiveCfg = Debug|Any CPU
		{70795CA1-2C28-4E68-B3DA-89D55AF8E8B0}.Debug-NET452|Any CPU.Build.0 = Debug|Any CPU
		{70795CA1-2C28-4E68-B3DA-89D55AF8E8B0}.Debug-NET462|Any CPU.ActiveCfg = Debug|Any CPU
		{70795CA1-2C28-4E68-B3DA-89D55AF8E8B0}.Debug-NET462|Any CPU.Build.0 = Debug|Any CPU
		{70795CA1-2C28-4E68-B3DA-89D55AF8E8B0}.Release|Any CPU.ActiveCfg = Release|Any CPU
		{70795CA1-2C28-4E68-B3DA-89D55AF8E8B0}.Release|Any CPU.Build.0 = Release|Any CPU
		{70795CA1-2C28-4E68-B3DA-89D55AF8E8B0}.Release-NET35|Any CPU.ActiveCfg = Release|Any CPU
		{70795CA1-2C28-4E68-B3DA-89D55AF8E8B0}.Release-NET35|Any CPU.Build.0 = Release|Any CPU
		{70795CA1-2C28-4E68-B3DA-89D55AF8E8B0}.Release-NET40|Any CPU.ActiveCfg = Release|Any CPU
		{70795CA1-2C28-4E68-B3DA-89D55AF8E8B0}.Release-NET40|Any CPU.Build.0 = Release|Any CPU
		{70795CA1-2C28-4E68-B3DA-89D55AF8E8B0}.Release-NET452|Any CPU.ActiveCfg = Release|Any CPU
		{70795CA1-2C28-4E68-B3DA-89D55AF8E8B0}.Release-NET452|Any CPU.Build.0 = Release|Any CPU
		{70795CA1-2C28-4E68-B3DA-89D55AF8E8B0}.Release-NET462|Any CPU.ActiveCfg = Release|Any CPU
		{70795CA1-2C28-4E68-B3DA-89D55AF8E8B0}.Release-NET462|Any CPU.Build.0 = Release|Any CPU
		{3DF015CA-EA72-4E35-A60D-575E5320C20D}.Debug|Any CPU.ActiveCfg = Debug|Any CPU
		{3DF015CA-EA72-4E35-A60D-575E5320C20D}.Debug|Any CPU.Build.0 = Debug|Any CPU
		{3DF015CA-EA72-4E35-A60D-575E5320C20D}.Debug-NET35|Any CPU.ActiveCfg = Debug|Any CPU
		{3DF015CA-EA72-4E35-A60D-575E5320C20D}.Debug-NET35|Any CPU.Build.0 = Debug|Any CPU
		{3DF015CA-EA72-4E35-A60D-575E5320C20D}.Debug-NET40|Any CPU.ActiveCfg = Debug|Any CPU
		{3DF015CA-EA72-4E35-A60D-575E5320C20D}.Debug-NET40|Any CPU.Build.0 = Debug|Any CPU
		{3DF015CA-EA72-4E35-A60D-575E5320C20D}.Debug-NET452|Any CPU.ActiveCfg = Debug|Any CPU
		{3DF015CA-EA72-4E35-A60D-575E5320C20D}.Debug-NET452|Any CPU.Build.0 = Debug|Any CPU
		{3DF015CA-EA72-4E35-A60D-575E5320C20D}.Debug-NET462|Any CPU.ActiveCfg = Debug|Any CPU
		{3DF015CA-EA72-4E35-A60D-575E5320C20D}.Debug-NET462|Any CPU.Build.0 = Debug|Any CPU
		{3DF015CA-EA72-4E35-A60D-575E5320C20D}.Release|Any CPU.ActiveCfg = Release|Any CPU
		{3DF015CA-EA72-4E35-A60D-575E5320C20D}.Release|Any CPU.Build.0 = Release|Any CPU
		{3DF015CA-EA72-4E35-A60D-575E5320C20D}.Release-NET35|Any CPU.ActiveCfg = Release|Any CPU
		{3DF015CA-EA72-4E35-A60D-575E5320C20D}.Release-NET35|Any CPU.Build.0 = Release|Any CPU
		{3DF015CA-EA72-4E35-A60D-575E5320C20D}.Release-NET40|Any CPU.ActiveCfg = Release|Any CPU
		{3DF015CA-EA72-4E35-A60D-575E5320C20D}.Release-NET40|Any CPU.Build.0 = Release|Any CPU
		{3DF015CA-EA72-4E35-A60D-575E5320C20D}.Release-NET452|Any CPU.ActiveCfg = Release|Any CPU
		{3DF015CA-EA72-4E35-A60D-575E5320C20D}.Release-NET452|Any CPU.Build.0 = Release|Any CPU
		{3DF015CA-EA72-4E35-A60D-575E5320C20D}.Release-NET462|Any CPU.ActiveCfg = Release|Any CPU
		{3DF015CA-EA72-4E35-A60D-575E5320C20D}.Release-NET462|Any CPU.Build.0 = Release|Any CPU
	EndGlobalSection
	GlobalSection(SolutionProperties) = preSolution
		HideSolutionNode = FALSE
	EndGlobalSection
	GlobalSection(NestedProjects) = preSolution
		{40653D38-613D-43BE-926E-6B26D6F7F6A7} = {D9DA29E4-608B-4E15-A6C9-F2AF3A026517}
		{6C9D6B9C-921F-4539-B8B1-04C74F3F6E29} = {D9DA29E4-608B-4E15-A6C9-F2AF3A026517}
	EndGlobalSection
	GlobalSection(ExtensibilityGlobals) = postSolution
		SolutionGuid = {15FA217D-1C74-41BC-A458-05758816DE0B}
	EndGlobalSection
EndGlobal
